{
  "version": 4,
  "terraform_version": "1.1.7",
  "serial": 275,
  "lineage": "aeb51a81-9a12-2dac-b851-b240a4b1da86",
  "outputs": {},
  "resources": [
    {
      "mode": "data",
      "type": "archive_file",
      "name": "payment_service_source",
      "provider": "provider[\"registry.terraform.io/hashicorp/archive\"]",
      "instances": [
        {
          "schema_version": 0,
          "attributes": {
            "excludes": null,
            "id": "ef477a93cd9bc15c0eb0f86dbc81471b5a16ee6a",
            "output_base64sha256": "WEf+lPzaV7h4pmproGL6Xwei675DKqyEWC72JcMLrhE=",
            "output_file_mode": null,
            "output_md5": "81b7b8671822bba9ce5456d06fe7f82f",
            "output_path": "/tmp/payment_service_function.zip",
            "output_sha": "ef477a93cd9bc15c0eb0f86dbc81471b5a16ee6a",
            "output_size": 21784,
            "source": [],
            "source_content": null,
            "source_content_filename": null,
            "source_dir": "../payment_service/",
            "source_file": null,
            "type": "zip"
          },
          "sensitive_attributes": []
        }
      ]
    },
    {
      "mode": "data",
      "type": "archive_file",
      "name": "starting_point_source",
      "provider": "provider[\"registry.terraform.io/hashicorp/archive\"]",
      "instances": [
        {
          "schema_version": 0,
          "attributes": {
            "excludes": null,
            "id": "f7adfa5a0e7b77a20d0f695cea3d7a31e0ef1509",
            "output_base64sha256": "3/UtcEDL2UzhhEKSxz34wM20In0N8wAPQiWtVET5D3s=",
            "output_file_mode": null,
            "output_md5": "66f4af57f4fb87aacd32358b84010de1",
            "output_path": "/tmp/starting_point_function.zip",
            "output_sha": "f7adfa5a0e7b77a20d0f695cea3d7a31e0ef1509",
            "output_size": 1670,
            "source": [],
            "source_content": null,
            "source_content_filename": null,
            "source_dir": "../starting_point/",
            "source_file": null,
            "type": "zip"
          },
          "sensitive_attributes": []
        }
      ]
    },
    {
      "mode": "managed",
      "type": "google_cloud_run_service",
      "name": "shipping_run_service",
      "provider": "provider[\"registry.terraform.io/hashicorp/google\"]",
      "instances": [
        {
          "schema_version": 1,
          "attributes": {
            "autogenerate_revision_name": false,
            "id": "locations/us-central1/namespaces/affable-context-292903/services/shipping",
            "location": "us-central1",
            "metadata": [
              {
                "annotations": {
                  "client.knative.dev/user-image": "gcr.io/affable-context-292903/shipping:latest",
                  "run.googleapis.com/client-name": "cloud-console",
                  "run.googleapis.com/ingress": "all",
                  "run.googleapis.com/ingress-status": "all",
                  "serving.knative.dev/creator": "austin@bamboozoology.org",
                  "serving.knative.dev/lastModifier": "austin@bamboozoology.org"
                },
                "generation": 8,
                "labels": {
                  "cloud.googleapis.com/location": "us-central1"
                },
                "namespace": "affable-context-292903",
                "resource_version": "AAXiFeRR+mU",
                "self_link": "/apis/serving.knative.dev/v1/namespaces/244283331594/services/shipping",
                "uid": "e590b480-237f-464f-a0a4-938acbbfc323"
              }
            ],
            "name": "shipping",
            "project": "affable-context-292903",
            "status": [
              {
                "conditions": [
                  {
                    "message": "",
                    "reason": "",
                    "status": "True",
                    "type": "Ready"
                  },
                  {
                    "message": "",
                    "reason": "",
                    "status": "True",
                    "type": "ConfigurationsReady"
                  },
                  {
                    "message": "",
                    "reason": "",
                    "status": "True",
                    "type": "RoutesReady"
                  }
                ],
                "latest_created_revision_name": "shipping-00008-mur",
                "latest_ready_revision_name": "shipping-00008-mur",
                "observed_generation": 8,
                "url": "https://shipping-htyoftei4q-uc.a.run.app"
              }
            ],
            "template": [
              {
                "metadata": [
                  {
                    "annotations": {
                      "autoscaling.knative.dev/maxScale": "100",
                      "run.googleapis.com/client-name": "cloud-console"
                    },
                    "generation": 0,
                    "labels": {},
                    "name": "shipping-00008-mur",
                    "namespace": "",
                    "resource_version": "",
                    "self_link": "",
                    "uid": ""
                  }
                ],
                "spec": [
                  {
                    "container_concurrency": 80,
                    "containers": [
                      {
                        "args": [],
                        "command": [],
                        "env": [],
                        "env_from": [],
                        "image": "gcr.io/affable-context-292903/shipping:latest",
                        "ports": [
                          {
                            "container_port": 8080,
                            "name": "http1",
                            "protocol": ""
                          }
                        ],
                        "resources": [
                          {
                            "limits": {
                              "cpu": "1000m",
                              "memory": "512Mi"
                            },
                            "requests": {}
                          }
                        ],
                        "volume_mounts": [],
                        "working_dir": ""
                      }
                    ],
                    "service_account_name": "244283331594-compute@developer.gserviceaccount.com",
                    "serving_state": "",
                    "timeout_seconds": 300,
                    "volumes": []
                  }
                ]
              }
            ],
            "timeouts": null,
            "traffic": [
              {
                "latest_revision": true,
                "percent": 100,
                "revision_name": "",
                "tag": "",
                "url": ""
              }
            ]
          },
          "sensitive_attributes": [],
          "private": "eyJlMmJmYjczMC1lY2FhLTExZTYtOGY4OC0zNDM2M2JjN2M0YzAiOnsiY3JlYXRlIjoxMjAwMDAwMDAwMDAwLCJkZWxldGUiOjEyMDAwMDAwMDAwMDAsInVwZGF0ZSI6MTIwMDAwMDAwMDAwMH0sInNjaGVtYV92ZXJzaW9uIjoiMSJ9",
          "dependencies": [
            "google_project_service.run_api"
          ]
        }
      ]
    },
    {
      "mode": "managed",
      "type": "google_cloudfunctions2_function",
      "name": "payment_service",
      "provider": "provider[\"registry.terraform.io/hashicorp/google-beta\"]",
      "instances": [
        {
          "schema_version": 0,
          "attributes": {
            "build_config": [
              {
                "build": "projects/244283331594/locations/us-central1/builds/0d910241-88e9-492b-98a9-2717e9b0cf0f",
                "docker_repository": "",
                "entry_point": "ChargeCard",
                "environment_variables": {},
                "runtime": "go116",
                "source": [
                  {
                    "repo_source": [],
                    "storage_source": [
                      {
                        "bucket": "affable-context-292903-function",
                        "generation": 0,
                        "object": "src-81b7b8671822bba9ce5456d06fe7f82f.zip"
                      }
                    ]
                  }
                ],
                "worker_pool": ""
              }
            ],
            "description": "charging the card",
            "environment": "",
            "event_trigger": [],
            "id": "projects/affable-context-292903/locations/us-central1/functions/payment-service",
            "labels": {},
            "location": "us-central1",
            "name": "payment-service",
            "project": "affable-context-292903",
            "service_config": [
              {
                "all_traffic_on_latest_revision": true,
                "available_memory": "128Mi",
                "environment_variables": {},
                "gcf_uri": "",
                "ingress_settings": "ALLOW_ALL",
                "max_instance_count": 1,
                "min_instance_count": 0,
                "service": "projects/affable-context-292903/locations/us-central1/services/payment-service",
                "service_account_email": "payment-service-account@affable-context-292903.iam.gserviceaccount.com",
                "timeout_seconds": 30,
                "uri": "https://payment-service-htyoftei4q-uc.a.run.app",
                "vpc_connector": "",
                "vpc_connector_egress_settings": ""
              }
            ],
            "state": "ACTIVE",
            "timeouts": null,
            "update_time": "2022-06-23T04:11:00.221475416Z"
          },
          "sensitive_attributes": [],
          "private": "eyJlMmJmYjczMC1lY2FhLTExZTYtOGY4OC0zNDM2M2JjN2M0YzAiOnsiY3JlYXRlIjozNjAwMDAwMDAwMDAwLCJkZWxldGUiOjM2MDAwMDAwMDAwMDAsInVwZGF0ZSI6MzYwMDAwMDAwMDAwMH19",
          "dependencies": [
            "data.archive_file.payment_service_source",
            "google_service_account.account_for_payment",
            "google_storage_bucket.function_bucket",
            "google_storage_bucket_object.payment_service_zip"
          ]
        }
      ]
    },
    {
      "mode": "managed",
      "type": "google_cloudfunctions2_function",
      "name": "starting-point",
      "provider": "provider[\"registry.terraform.io/hashicorp/google-beta\"]",
      "instances": [
        {
          "schema_version": 0,
          "attributes": {
            "build_config": [
              {
                "build": "projects/244283331594/locations/us-central1/builds/a5deabde-59c1-4ed9-b447-aec4a20361cf",
                "docker_repository": "",
                "entry_point": "starting_point",
                "environment_variables": {},
                "runtime": "python39",
                "source": [
                  {
                    "repo_source": [],
                    "storage_source": [
                      {
                        "bucket": "affable-context-292903-function",
                        "generation": 0,
                        "object": "src-66f4af57f4fb87aacd32358b84010de1.zip"
                      }
                    ]
                  }
                ],
                "worker_pool": ""
              }
            ],
            "description": "a new function",
            "environment": "",
            "event_trigger": [],
            "id": "projects/affable-context-292903/locations/us-central1/functions/starting-point",
            "labels": {},
            "location": "us-central1",
            "name": "starting-point",
            "project": "affable-context-292903",
            "service_config": [
              {
                "all_traffic_on_latest_revision": true,
                "available_memory": "128Mi",
                "environment_variables": {
                  "FUNCTION_REGION": "us-central1",
                  "GCP_PROJECT": "affable-context-292903",
                  "WORKFLOW_NAME": "first-workflow"
                },
                "gcf_uri": "",
                "ingress_settings": "ALLOW_ALL",
                "max_instance_count": 1,
                "min_instance_count": 0,
                "service": "projects/affable-context-292903/locations/us-central1/services/starting-point",
                "service_account_email": "test-service-account@affable-context-292903.iam.gserviceaccount.com",
                "timeout_seconds": 30,
                "uri": "https://starting-point-htyoftei4q-uc.a.run.app",
                "vpc_connector": "",
                "vpc_connector_egress_settings": ""
              }
            ],
            "state": "ACTIVE",
            "timeouts": null,
            "update_time": "2022-06-21T20:22:46.193268763Z"
          },
          "sensitive_attributes": [],
          "private": "eyJlMmJmYjczMC1lY2FhLTExZTYtOGY4OC0zNDM2M2JjN2M0YzAiOnsiY3JlYXRlIjozNjAwMDAwMDAwMDAwLCJkZWxldGUiOjM2MDAwMDAwMDAwMDAsInVwZGF0ZSI6MzYwMDAwMDAwMDAwMH19",
          "dependencies": [
            "data.archive_file.payment_service_source",
            "data.archive_file.starting_point_source",
            "google_cloud_run_service.shipping_run_service",
            "google_cloudfunctions2_function.payment_service",
            "google_project_service.run_api",
            "google_project_service.workflows",
            "google_service_account.account",
            "google_service_account.account_for_payment",
            "google_service_account.workflows_service_account",
            "google_storage_bucket.function_bucket",
            "google_storage_bucket_object.payment_service_zip",
            "google_storage_bucket_object.zip",
            "google_workflows_workflow.workflow"
          ]
        }
      ]
    },
    {
      "mode": "managed",
      "type": "google_project_service",
      "name": "run_api",
      "provider": "provider[\"registry.terraform.io/hashicorp/google\"]",
      "instances": [
        {
          "schema_version": 0,
          "attributes": {
            "disable_dependent_services": null,
            "disable_on_destroy": true,
            "id": "affable-context-292903/run.googleapis.com",
            "project": "affable-context-292903",
            "service": "run.googleapis.com",
            "timeouts": null
          },
          "sensitive_attributes": [],
          "private": "eyJlMmJmYjczMC1lY2FhLTExZTYtOGY4OC0zNDM2M2JjN2M0YzAiOnsiY3JlYXRlIjoxMjAwMDAwMDAwMDAwLCJkZWxldGUiOjEyMDAwMDAwMDAwMDAsInJlYWQiOjYwMDAwMDAwMDAwMCwidXBkYXRlIjoxMjAwMDAwMDAwMDAwfX0="
        }
      ]
    },
    {
      "mode": "managed",
      "type": "google_project_service",
      "name": "workflows",
      "provider": "provider[\"registry.terraform.io/hashicorp/google\"]",
      "instances": [
        {
          "schema_version": 0,
          "attributes": {
            "disable_dependent_services": null,
            "disable_on_destroy": false,
            "id": "affable-context-292903/workflows.googleapis.com",
            "project": "affable-context-292903",
            "service": "workflows.googleapis.com",
            "timeouts": null
          },
          "sensitive_attributes": [],
          "private": "eyJlMmJmYjczMC1lY2FhLTExZTYtOGY4OC0zNDM2M2JjN2M0YzAiOnsiY3JlYXRlIjoxMjAwMDAwMDAwMDAwLCJkZWxldGUiOjEyMDAwMDAwMDAwMDAsInJlYWQiOjYwMDAwMDAwMDAwMCwidXBkYXRlIjoxMjAwMDAwMDAwMDAwfX0="
        }
      ]
    },
    {
      "mode": "managed",
      "type": "google_service_account",
      "name": "account",
      "provider": "provider[\"registry.terraform.io/hashicorp/google-beta\"]",
      "instances": [
        {
          "schema_version": 0,
          "attributes": {
            "account_id": "test-service-account",
            "description": "",
            "disabled": false,
            "display_name": "Test Service Account",
            "email": "test-service-account@affable-context-292903.iam.gserviceaccount.com",
            "id": "projects/affable-context-292903/serviceAccounts/test-service-account@affable-context-292903.iam.gserviceaccount.com",
            "name": "projects/affable-context-292903/serviceAccounts/test-service-account@affable-context-292903.iam.gserviceaccount.com",
            "project": "affable-context-292903",
            "timeouts": null,
            "unique_id": "114497898882687299688"
          },
          "sensitive_attributes": [],
          "private": "eyJlMmJmYjczMC1lY2FhLTExZTYtOGY4OC0zNDM2M2JjN2M0YzAiOnsiY3JlYXRlIjozMDAwMDAwMDAwMDB9fQ=="
        }
      ]
    },
    {
      "mode": "managed",
      "type": "google_service_account",
      "name": "account_for_payment",
      "provider": "provider[\"registry.terraform.io/hashicorp/google-beta\"]",
      "instances": [
        {
          "schema_version": 0,
          "attributes": {
            "account_id": "payment-service-account",
            "description": "",
            "disabled": false,
            "display_name": "Test Service Account",
            "email": "payment-service-account@affable-context-292903.iam.gserviceaccount.com",
            "id": "projects/affable-context-292903/serviceAccounts/payment-service-account@affable-context-292903.iam.gserviceaccount.com",
            "name": "projects/affable-context-292903/serviceAccounts/payment-service-account@affable-context-292903.iam.gserviceaccount.com",
            "project": "affable-context-292903",
            "timeouts": null,
            "unique_id": "107920607953892824838"
          },
          "sensitive_attributes": [],
          "private": "eyJlMmJmYjczMC1lY2FhLTExZTYtOGY4OC0zNDM2M2JjN2M0YzAiOnsiY3JlYXRlIjozMDAwMDAwMDAwMDB9fQ=="
        }
      ]
    },
    {
      "mode": "managed",
      "type": "google_service_account",
      "name": "workflows_service_account",
      "provider": "provider[\"registry.terraform.io/hashicorp/google\"]",
      "instances": [
        {
          "schema_version": 0,
          "attributes": {
            "account_id": "sample-workflows-sa",
            "description": "",
            "disabled": false,
            "display_name": "Sample Workflows Service Account",
            "email": "sample-workflows-sa@affable-context-292903.iam.gserviceaccount.com",
            "id": "projects/affable-context-292903/serviceAccounts/sample-workflows-sa@affable-context-292903.iam.gserviceaccount.com",
            "name": "projects/affable-context-292903/serviceAccounts/sample-workflows-sa@affable-context-292903.iam.gserviceaccount.com",
            "project": "affable-context-292903",
            "timeouts": null,
            "unique_id": "102271488822247965129"
          },
          "sensitive_attributes": [],
          "private": "eyJlMmJmYjczMC1lY2FhLTExZTYtOGY4OC0zNDM2M2JjN2M0YzAiOnsiY3JlYXRlIjozMDAwMDAwMDAwMDB9fQ=="
        }
      ]
    },
    {
      "mode": "managed",
      "type": "google_storage_bucket",
      "name": "function_bucket",
      "provider": "provider[\"registry.terraform.io/hashicorp/google\"]",
      "instances": [
        {
          "schema_version": 0,
          "attributes": {
            "cors": [],
            "default_event_based_hold": false,
            "encryption": [],
            "force_destroy": false,
            "id": "affable-context-292903-function",
            "labels": {},
            "lifecycle_rule": [],
            "location": "US-CENTRAL1",
            "logging": [],
            "name": "affable-context-292903-function",
            "project": "affable-context-292903",
            "requester_pays": false,
            "retention_policy": [],
            "self_link": "https://www.googleapis.com/storage/v1/b/affable-context-292903-function",
            "storage_class": "STANDARD",
            "timeouts": null,
            "uniform_bucket_level_access": false,
            "url": "gs://affable-context-292903-function",
            "versioning": [],
            "website": []
          },
          "sensitive_attributes": [],
          "private": "eyJlMmJmYjczMC1lY2FhLTExZTYtOGY4OC0zNDM2M2JjN2M0YzAiOnsiY3JlYXRlIjoyNDAwMDAwMDAwMDAsInJlYWQiOjI0MDAwMDAwMDAwMCwidXBkYXRlIjoyNDAwMDAwMDAwMDB9fQ=="
        }
      ]
    },
    {
      "mode": "managed",
      "type": "google_storage_bucket_object",
      "name": "payment_service_zip",
      "provider": "provider[\"registry.terraform.io/hashicorp/google\"]",
      "instances": [
        {
          "schema_version": 0,
          "attributes": {
            "bucket": "affable-context-292903-function",
            "cache_control": "",
            "content": null,
            "content_disposition": "",
            "content_encoding": "",
            "content_language": "",
            "content_type": "application/zip",
            "crc32c": "JFgY1Q==",
            "customer_encryption": [],
            "detect_md5hash": "gbe4Zxgiu6nOVFbQb+f4Lw==",
            "event_based_hold": false,
            "id": "affable-context-292903-function-src-81b7b8671822bba9ce5456d06fe7f82f.zip",
            "kms_key_name": "",
            "md5hash": "gbe4Zxgiu6nOVFbQb+f4Lw==",
            "media_link": "https://storage.googleapis.com/download/storage/v1/b/affable-context-292903-function/o/src-81b7b8671822bba9ce5456d06fe7f82f.zip?generation=1655957393619085\u0026alt=media",
            "metadata": {},
            "name": "src-81b7b8671822bba9ce5456d06fe7f82f.zip",
            "output_name": "src-81b7b8671822bba9ce5456d06fe7f82f.zip",
            "self_link": "https://www.googleapis.com/storage/v1/b/affable-context-292903-function/o/src-81b7b8671822bba9ce5456d06fe7f82f.zip",
            "source": "/tmp/payment_service_function.zip",
            "storage_class": "STANDARD",
            "temporary_hold": false,
            "timeouts": null
          },
          "sensitive_attributes": [],
          "private": "eyJlMmJmYjczMC1lY2FhLTExZTYtOGY4OC0zNDM2M2JjN2M0YzAiOnsiY3JlYXRlIjoyNDAwMDAwMDAwMDAsImRlbGV0ZSI6MjQwMDAwMDAwMDAwLCJ1cGRhdGUiOjI0MDAwMDAwMDAwMH19",
          "dependencies": [
            "data.archive_file.payment_service_source",
            "google_storage_bucket.function_bucket"
          ]
        }
      ]
    },
    {
      "mode": "managed",
      "type": "google_storage_bucket_object",
      "name": "zip",
      "provider": "provider[\"registry.terraform.io/hashicorp/google\"]",
      "instances": [
        {
          "schema_version": 0,
          "attributes": {
            "bucket": "affable-context-292903-function",
            "cache_control": "",
            "content": null,
            "content_disposition": "",
            "content_encoding": "",
            "content_language": "",
            "content_type": "application/zip",
            "crc32c": "Sxb2kw==",
            "customer_encryption": [],
            "detect_md5hash": "ZvSvV/T7h6rNMjWLhAEN4Q==",
            "event_based_hold": false,
            "id": "affable-context-292903-function-src-66f4af57f4fb87aacd32358b84010de1.zip",
            "kms_key_name": "",
            "md5hash": "ZvSvV/T7h6rNMjWLhAEN4Q==",
            "media_link": "https://storage.googleapis.com/download/storage/v1/b/affable-context-292903-function/o/src-66f4af57f4fb87aacd32358b84010de1.zip?generation=1655833691293428\u0026alt=media",
            "metadata": {},
            "name": "src-66f4af57f4fb87aacd32358b84010de1.zip",
            "output_name": "src-66f4af57f4fb87aacd32358b84010de1.zip",
            "self_link": "https://www.googleapis.com/storage/v1/b/affable-context-292903-function/o/src-66f4af57f4fb87aacd32358b84010de1.zip",
            "source": "/tmp/starting_point_function.zip",
            "storage_class": "STANDARD",
            "temporary_hold": false,
            "timeouts": null
          },
          "sensitive_attributes": [],
          "private": "eyJlMmJmYjczMC1lY2FhLTExZTYtOGY4OC0zNDM2M2JjN2M0YzAiOnsiY3JlYXRlIjoyNDAwMDAwMDAwMDAsImRlbGV0ZSI6MjQwMDAwMDAwMDAwLCJ1cGRhdGUiOjI0MDAwMDAwMDAwMH19",
          "dependencies": [
            "data.archive_file.starting_point_source",
            "google_storage_bucket.function_bucket"
          ]
        }
      ]
    },
    {
      "mode": "managed",
      "type": "google_workflows_workflow",
      "name": "workflow",
      "provider": "provider[\"registry.terraform.io/hashicorp/google\"]",
      "instances": [
        {
          "schema_version": 1,
          "attributes": {
            "create_time": "2022-06-21T20:21:32.777603329Z",
            "description": "A sample retail workflow",
            "id": "projects/affable-context-292903/locations/us-central1/workflows/first-workflow",
            "labels": {},
            "name": "first-workflow",
            "name_prefix": null,
            "project": "affable-context-292903",
            "region": "us-central1",
            "revision_id": "000007-b08",
            "service_account": "projects/affable-context-292903/serviceAccounts/sample-workflows-sa@affable-context-292903.iam.gserviceaccount.com",
            "source_contents": "main:\n  params: [args]\n  steps:\n    - create_var:\n        assign:\n        - omg: ${args}\n        - project: \"affable-context-292903\"\n        - topic: \"example-topic\"\n        - myMap:\n            FirstName: \"John\"\n            LastName: \"Smith\"\n            Address:\n              Street: \"Flower Road 12\"\n              City: \"Superville\"\n              Country: \"Atlantis\"\n    - print_args:\n        call: sys.log\n        args:\n            severity: \"INFO\"\n            text: ${args.name}\n    - print_callback_details_json_to_string:\n        call: sys.log\n        args:\n            severity: \"INFO\"\n            text: ${json.encode_to_string(args)}\n    - check_payment:\n        call: http.post\n        args:\n          url: https://payment-service-htyoftei4q-uc.a.run.app/ChargeCard\n          body:\n            input: \"OMG\"\n          auth:\n            type: OIDC\n            audience: https://payment-service-htyoftei4q-uc.a.run.app/ChargeCard\n        result: payment_ok\n    - create_callback:\n        call: events.create_callback_endpoint\n        args:\n            http_callback_method: \"PUT\"\n        result: callback_details\n    # TODO: SWITCH THIS TO A PUB/SUB PUSH to email ( and/or route somewhere worthwhile ... database, etc )\n    - print_callback_details:\n        call: sys.log\n        args:\n            severity: \"INFO\"\n            text: ${\"Listening for callbacks on \" + callback_details.url}\n    - another_var:\n        assign:\n        - newMap: \n            order_details: ${args}\n            callback_url: ${callback_details.url}\n    - await_callback:\n        call: events.await_callback\n        args:\n            callback: ${callback_details}\n            timeout: 3600\n        result: callback_request\n    - print_callback_request:\n        call: sys.log\n        args:\n            severity: \"INFO\"\n            text: ${\"Received \" + json.encode_to_string(callback_request.http_request)}\n    - check_shipping:\n        call: http.post\n        args:\n          url: https://shipping-htyoftei4q-uc.a.run.app\n          body:\n            input: \"OMG\"\n          auth:\n            type: OIDC\n            audience: https://shipping-htyoftei4q-uc.a.run.app\n        result: shipping_response\n    - print_shipping_response:\n        call: sys.log\n        args:\n          severity: \"INFO\"\n          text: ${\"OMGOMGOMG!\" + shipping_response.body }\n    - setup_b64_message:\n        assign:\n        - base64Msg: ${base64.encode(json.encode(newMap))}\n    - publish_message_to_topic:\n        call: googleapis.pubsub.v1.projects.topics.publish\n        args:\n          topic: ${\"projects/\" + project + \"/topics/\" + topic}\n          body:\n            messages:\n              - data: ${base64Msg}\n    - return_callback_result:\n        return: ${callback_request.http_request}",
            "state": "ACTIVE",
            "timeouts": null,
            "update_time": "2022-06-23T04:30:49.102713358Z"
          },
          "sensitive_attributes": [],
          "private": "eyJlMmJmYjczMC1lY2FhLTExZTYtOGY4OC0zNDM2M2JjN2M0YzAiOnsiY3JlYXRlIjoxMjAwMDAwMDAwMDAwLCJkZWxldGUiOjEyMDAwMDAwMDAwMDAsInVwZGF0ZSI6MTIwMDAwMDAwMDAwMH0sInNjaGVtYV92ZXJzaW9uIjoiMSJ9",
          "dependencies": [
            "data.archive_file.payment_service_source",
            "google_cloud_run_service.shipping_run_service",
            "google_cloudfunctions2_function.payment_service",
            "google_project_service.run_api",
            "google_project_service.workflows",
            "google_service_account.account_for_payment",
            "google_service_account.workflows_service_account",
            "google_storage_bucket.function_bucket",
            "google_storage_bucket_object.payment_service_zip"
          ]
        }
      ]
    }
  ]
}
