{
  "version": 4,
  "terraform_version": "1.1.7",
  "serial": 237,
  "lineage": "aeb51a81-9a12-2dac-b851-b240a4b1da86",
  "outputs": {},
  "resources": [
    {
      "mode": "data",
      "type": "archive_file",
      "name": "payment_service_source",
      "provider": "provider[\"registry.terraform.io/hashicorp/archive\"]",
      "instances": [
        {
          "schema_version": 0,
          "attributes": {
            "excludes": null,
            "id": "c7f92823737ec634fef58c5b70c568eeb03dc3ac",
            "output_base64sha256": "ju+X2T6EbEVO/UHR6Mg+LQC+NYByyFV0OozueWixCbg=",
            "output_file_mode": null,
            "output_md5": "7be68d13b76ffa1c3f20447b49108a29",
            "output_path": "/tmp/payment_service_function.zip",
            "output_sha": "c7f92823737ec634fef58c5b70c568eeb03dc3ac",
            "output_size": 21785,
            "source": [],
            "source_content": null,
            "source_content_filename": null,
            "source_dir": "../payment_service/",
            "source_file": null,
            "type": "zip"
          },
          "sensitive_attributes": []
        }
      ]
    },
    {
      "mode": "data",
      "type": "archive_file",
      "name": "starting_point_source",
      "provider": "provider[\"registry.terraform.io/hashicorp/archive\"]",
      "instances": [
        {
          "schema_version": 0,
          "attributes": {
            "excludes": null,
            "id": "f7adfa5a0e7b77a20d0f695cea3d7a31e0ef1509",
            "output_base64sha256": "3/UtcEDL2UzhhEKSxz34wM20In0N8wAPQiWtVET5D3s=",
            "output_file_mode": null,
            "output_md5": "66f4af57f4fb87aacd32358b84010de1",
            "output_path": "/tmp/starting_point_function.zip",
            "output_sha": "f7adfa5a0e7b77a20d0f695cea3d7a31e0ef1509",
            "output_size": 1670,
            "source": [],
            "source_content": null,
            "source_content_filename": null,
            "source_dir": "../starting_point/",
            "source_file": null,
            "type": "zip"
          },
          "sensitive_attributes": []
        }
      ]
    },
    {
      "mode": "managed",
      "type": "google_cloudfunctions2_function",
      "name": "payment_service",
      "provider": "provider[\"registry.terraform.io/hashicorp/google-beta\"]",
      "instances": [
        {
          "schema_version": 0,
          "attributes": {
            "build_config": [
              {
                "build": "projects/244283331594/locations/us-central1/builds/bc3e6975-c91a-4130-90b5-5c19f737f7d7",
                "docker_repository": "",
                "entry_point": "ChargeCard",
                "environment_variables": {},
                "runtime": "go116",
                "source": [
                  {
                    "repo_source": [],
                    "storage_source": [
                      {
                        "bucket": "affable-context-292903-function",
                        "generation": 0,
                        "object": "src-7be68d13b76ffa1c3f20447b49108a29.zip"
                      }
                    ]
                  }
                ],
                "worker_pool": ""
              }
            ],
            "description": "charging the card",
            "environment": "",
            "event_trigger": [],
            "id": "projects/affable-context-292903/locations/us-central1/functions/payment-service",
            "labels": {},
            "location": "us-central1",
            "name": "payment-service",
            "project": "affable-context-292903",
            "service_config": [
              {
                "all_traffic_on_latest_revision": true,
                "available_memory": "128Mi",
                "environment_variables": {},
                "gcf_uri": "",
                "ingress_settings": "ALLOW_ALL",
                "max_instance_count": 1,
                "min_instance_count": 0,
                "service": "projects/affable-context-292903/locations/us-central1/services/payment-service",
                "service_account_email": "payment-service-account@affable-context-292903.iam.gserviceaccount.com",
                "timeout_seconds": 30,
                "uri": "https://payment-service-htyoftei4q-uc.a.run.app",
                "vpc_connector": "",
                "vpc_connector_egress_settings": ""
              }
            ],
            "state": "ACTIVE",
            "timeouts": null,
            "update_time": "2022-06-21T20:22:30.741069595Z"
          },
          "sensitive_attributes": [],
          "private": "eyJlMmJmYjczMC1lY2FhLTExZTYtOGY4OC0zNDM2M2JjN2M0YzAiOnsiY3JlYXRlIjozNjAwMDAwMDAwMDAwLCJkZWxldGUiOjM2MDAwMDAwMDAwMDAsInVwZGF0ZSI6MzYwMDAwMDAwMDAwMH19",
          "dependencies": [
            "data.archive_file.payment_service_source",
            "google_service_account.account_for_payment",
            "google_storage_bucket.function_bucket",
            "google_storage_bucket_object.payment_service_zip"
          ]
        }
      ]
    },
    {
      "mode": "managed",
      "type": "google_cloudfunctions2_function",
      "name": "starting-point",
      "provider": "provider[\"registry.terraform.io/hashicorp/google-beta\"]",
      "instances": [
        {
          "schema_version": 0,
          "attributes": {
            "build_config": [
              {
                "build": "projects/244283331594/locations/us-central1/builds/a5deabde-59c1-4ed9-b447-aec4a20361cf",
                "docker_repository": "",
                "entry_point": "starting_point",
                "environment_variables": {},
                "runtime": "python39",
                "source": [
                  {
                    "repo_source": [],
                    "storage_source": [
                      {
                        "bucket": "affable-context-292903-function",
                        "generation": 0,
                        "object": "src-66f4af57f4fb87aacd32358b84010de1.zip"
                      }
                    ]
                  }
                ],
                "worker_pool": ""
              }
            ],
            "description": "a new function",
            "environment": "",
            "event_trigger": [],
            "id": "projects/affable-context-292903/locations/us-central1/functions/starting-point",
            "labels": {},
            "location": "us-central1",
            "name": "starting-point",
            "project": "affable-context-292903",
            "service_config": [
              {
                "all_traffic_on_latest_revision": true,
                "available_memory": "128Mi",
                "environment_variables": {
                  "FUNCTION_REGION": "us-central1",
                  "GCP_PROJECT": "affable-context-292903",
                  "WORKFLOW_NAME": "first-workflow"
                },
                "gcf_uri": "",
                "ingress_settings": "ALLOW_ALL",
                "max_instance_count": 1,
                "min_instance_count": 0,
                "service": "projects/affable-context-292903/locations/us-central1/services/starting-point",
                "service_account_email": "test-service-account@affable-context-292903.iam.gserviceaccount.com",
                "timeout_seconds": 30,
                "uri": "https://starting-point-htyoftei4q-uc.a.run.app",
                "vpc_connector": "",
                "vpc_connector_egress_settings": ""
              }
            ],
            "state": "ACTIVE",
            "timeouts": null,
            "update_time": "2022-06-21T20:22:46.193268763Z"
          },
          "sensitive_attributes": [],
          "private": "eyJlMmJmYjczMC1lY2FhLTExZTYtOGY4OC0zNDM2M2JjN2M0YzAiOnsiY3JlYXRlIjozNjAwMDAwMDAwMDAwLCJkZWxldGUiOjM2MDAwMDAwMDAwMDAsInVwZGF0ZSI6MzYwMDAwMDAwMDAwMH19",
          "dependencies": [
            "data.archive_file.payment_service_source",
            "data.archive_file.starting_point_source",
            "google_cloudfunctions2_function.payment_service",
            "google_project_service.workflows",
            "google_service_account.account",
            "google_service_account.account_for_payment",
            "google_service_account.workflows_service_account",
            "google_storage_bucket.function_bucket",
            "google_storage_bucket_object.payment_service_zip",
            "google_storage_bucket_object.zip",
            "google_workflows_workflow.workflow"
          ]
        }
      ]
    },
    {
      "mode": "managed",
      "type": "google_project_iam_binding",
      "name": "project",
      "provider": "provider[\"registry.terraform.io/hashicorp/google\"]",
      "instances": [
        {
          "schema_version": 0,
          "attributes": {
            "condition": [],
            "etag": "BwXh2G36YmQ=",
            "id": "affable-context-292903/roles/editor",
            "members": [
              "serviceAccount:sample-workflows-sa@affable-context-292903.iam.gserviceaccount.com",
              "serviceAccount:test-service-account@affable-context-292903.iam.gserviceaccount.com"
            ],
            "project": "affable-context-292903",
            "role": "roles/editor"
          },
          "sensitive_attributes": [],
          "private": "bnVsbA==",
          "dependencies": [
            "google_service_account.account",
            "google_service_account.workflows_service_account"
          ]
        }
      ]
    },
    {
      "mode": "managed",
      "type": "google_project_service",
      "name": "functions",
      "provider": "provider[\"registry.terraform.io/hashicorp/google\"]",
      "instances": [
        {
          "schema_version": 0,
          "attributes": {
            "disable_dependent_services": null,
            "disable_on_destroy": false,
            "id": "affable-context-292903/cloudfunctions.googleapis.com",
            "project": "affable-context-292903",
            "service": "cloudfunctions.googleapis.com",
            "timeouts": null
          },
          "sensitive_attributes": [],
          "private": "eyJlMmJmYjczMC1lY2FhLTExZTYtOGY4OC0zNDM2M2JjN2M0YzAiOnsiY3JlYXRlIjoxMjAwMDAwMDAwMDAwLCJkZWxldGUiOjEyMDAwMDAwMDAwMDAsInJlYWQiOjYwMDAwMDAwMDAwMCwidXBkYXRlIjoxMjAwMDAwMDAwMDAwfX0="
        }
      ]
    },
    {
      "mode": "managed",
      "type": "google_project_service",
      "name": "workflows",
      "provider": "provider[\"registry.terraform.io/hashicorp/google\"]",
      "instances": [
        {
          "schema_version": 0,
          "attributes": {
            "disable_dependent_services": null,
            "disable_on_destroy": false,
            "id": "affable-context-292903/workflows.googleapis.com",
            "project": "affable-context-292903",
            "service": "workflows.googleapis.com",
            "timeouts": null
          },
          "sensitive_attributes": [],
          "private": "eyJlMmJmYjczMC1lY2FhLTExZTYtOGY4OC0zNDM2M2JjN2M0YzAiOnsiY3JlYXRlIjoxMjAwMDAwMDAwMDAwLCJkZWxldGUiOjEyMDAwMDAwMDAwMDAsInJlYWQiOjYwMDAwMDAwMDAwMCwidXBkYXRlIjoxMjAwMDAwMDAwMDAwfX0="
        }
      ]
    },
    {
      "mode": "managed",
      "type": "google_pubsub_subscription",
      "name": "example",
      "provider": "provider[\"registry.terraform.io/hashicorp/google\"]",
      "instances": [
        {
          "schema_version": 0,
          "attributes": {
            "ack_deadline_seconds": 20,
            "dead_letter_policy": [],
            "enable_exactly_once_delivery": false,
            "enable_message_ordering": false,
            "expiration_policy": [
              {
                "ttl": "2678400s"
              }
            ],
            "filter": "",
            "id": "projects/affable-context-292903/subscriptions/example-subscription",
            "labels": {},
            "message_retention_duration": "1200s",
            "name": "example-subscription",
            "project": "affable-context-292903",
            "push_config": [],
            "retain_acked_messages": true,
            "retry_policy": [],
            "timeouts": null,
            "topic": "projects/affable-context-292903/topics/example-topic"
          },
          "sensitive_attributes": [],
          "private": "eyJlMmJmYjczMC1lY2FhLTExZTYtOGY4OC0zNDM2M2JjN2M0YzAiOnsiY3JlYXRlIjoxMjAwMDAwMDAwMDAwLCJkZWxldGUiOjEyMDAwMDAwMDAwMDAsInVwZGF0ZSI6MTIwMDAwMDAwMDAwMH19",
          "dependencies": [
            "google_pubsub_topic.example"
          ]
        }
      ]
    },
    {
      "mode": "managed",
      "type": "google_pubsub_topic",
      "name": "example",
      "provider": "provider[\"registry.terraform.io/hashicorp/google\"]",
      "instances": [
        {
          "schema_version": 0,
          "attributes": {
            "id": "projects/affable-context-292903/topics/example-topic",
            "kms_key_name": "",
            "labels": {},
            "message_retention_duration": "",
            "message_storage_policy": [],
            "name": "example-topic",
            "project": "affable-context-292903",
            "schema_settings": [],
            "timeouts": null
          },
          "sensitive_attributes": [],
          "private": "eyJlMmJmYjczMC1lY2FhLTExZTYtOGY4OC0zNDM2M2JjN2M0YzAiOnsiY3JlYXRlIjoxMjAwMDAwMDAwMDAwLCJkZWxldGUiOjEyMDAwMDAwMDAwMDAsInVwZGF0ZSI6MTIwMDAwMDAwMDAwMH19"
        }
      ]
    },
    {
      "mode": "managed",
      "type": "google_service_account",
      "name": "account",
      "provider": "provider[\"registry.terraform.io/hashicorp/google-beta\"]",
      "instances": [
        {
          "schema_version": 0,
          "attributes": {
            "account_id": "test-service-account",
            "description": "",
            "disabled": false,
            "display_name": "Test Service Account",
            "email": "test-service-account@affable-context-292903.iam.gserviceaccount.com",
            "id": "projects/affable-context-292903/serviceAccounts/test-service-account@affable-context-292903.iam.gserviceaccount.com",
            "name": "projects/affable-context-292903/serviceAccounts/test-service-account@affable-context-292903.iam.gserviceaccount.com",
            "project": "affable-context-292903",
            "timeouts": null,
            "unique_id": "114497898882687299688"
          },
          "sensitive_attributes": [],
          "private": "eyJlMmJmYjczMC1lY2FhLTExZTYtOGY4OC0zNDM2M2JjN2M0YzAiOnsiY3JlYXRlIjozMDAwMDAwMDAwMDB9fQ=="
        }
      ]
    },
    {
      "mode": "managed",
      "type": "google_service_account",
      "name": "account_for_payment",
      "provider": "provider[\"registry.terraform.io/hashicorp/google-beta\"]",
      "instances": [
        {
          "schema_version": 0,
          "attributes": {
            "account_id": "payment-service-account",
            "description": "",
            "disabled": false,
            "display_name": "Test Service Account",
            "email": "payment-service-account@affable-context-292903.iam.gserviceaccount.com",
            "id": "projects/affable-context-292903/serviceAccounts/payment-service-account@affable-context-292903.iam.gserviceaccount.com",
            "name": "projects/affable-context-292903/serviceAccounts/payment-service-account@affable-context-292903.iam.gserviceaccount.com",
            "project": "affable-context-292903",
            "timeouts": null,
            "unique_id": "107920607953892824838"
          },
          "sensitive_attributes": [],
          "private": "eyJlMmJmYjczMC1lY2FhLTExZTYtOGY4OC0zNDM2M2JjN2M0YzAiOnsiY3JlYXRlIjozMDAwMDAwMDAwMDB9fQ=="
        }
      ]
    },
    {
      "mode": "managed",
      "type": "google_service_account",
      "name": "workflows_service_account",
      "provider": "provider[\"registry.terraform.io/hashicorp/google\"]",
      "instances": [
        {
          "schema_version": 0,
          "attributes": {
            "account_id": "sample-workflows-sa",
            "description": "",
            "disabled": false,
            "display_name": "Sample Workflows Service Account",
            "email": "sample-workflows-sa@affable-context-292903.iam.gserviceaccount.com",
            "id": "projects/affable-context-292903/serviceAccounts/sample-workflows-sa@affable-context-292903.iam.gserviceaccount.com",
            "name": "projects/affable-context-292903/serviceAccounts/sample-workflows-sa@affable-context-292903.iam.gserviceaccount.com",
            "project": "affable-context-292903",
            "timeouts": null,
            "unique_id": "102271488822247965129"
          },
          "sensitive_attributes": [],
          "private": "eyJlMmJmYjczMC1lY2FhLTExZTYtOGY4OC0zNDM2M2JjN2M0YzAiOnsiY3JlYXRlIjozMDAwMDAwMDAwMDB9fQ=="
        }
      ]
    },
    {
      "mode": "managed",
      "type": "google_storage_bucket",
      "name": "function_bucket",
      "provider": "provider[\"registry.terraform.io/hashicorp/google\"]",
      "instances": [
        {
          "schema_version": 0,
          "attributes": {
            "cors": [],
            "default_event_based_hold": false,
            "encryption": [],
            "force_destroy": false,
            "id": "affable-context-292903-function",
            "labels": {},
            "lifecycle_rule": [],
            "location": "US-CENTRAL1",
            "logging": [],
            "name": "affable-context-292903-function",
            "project": "affable-context-292903",
            "requester_pays": false,
            "retention_policy": [],
            "self_link": "https://www.googleapis.com/storage/v1/b/affable-context-292903-function",
            "storage_class": "STANDARD",
            "timeouts": null,
            "uniform_bucket_level_access": false,
            "url": "gs://affable-context-292903-function",
            "versioning": [],
            "website": []
          },
          "sensitive_attributes": [],
          "private": "eyJlMmJmYjczMC1lY2FhLTExZTYtOGY4OC0zNDM2M2JjN2M0YzAiOnsiY3JlYXRlIjoyNDAwMDAwMDAwMDAsInJlYWQiOjI0MDAwMDAwMDAwMCwidXBkYXRlIjoyNDAwMDAwMDAwMDB9fQ=="
        }
      ]
    },
    {
      "mode": "managed",
      "type": "google_storage_bucket",
      "name": "input_bucket",
      "provider": "provider[\"registry.terraform.io/hashicorp/google\"]",
      "instances": [
        {
          "schema_version": 0,
          "attributes": {
            "cors": [],
            "default_event_based_hold": false,
            "encryption": [],
            "force_destroy": false,
            "id": "affable-context-292903-input",
            "labels": {},
            "lifecycle_rule": [],
            "location": "US-CENTRAL1",
            "logging": [],
            "name": "affable-context-292903-input",
            "project": "affable-context-292903",
            "requester_pays": false,
            "retention_policy": [],
            "self_link": "https://www.googleapis.com/storage/v1/b/affable-context-292903-input",
            "storage_class": "STANDARD",
            "timeouts": null,
            "uniform_bucket_level_access": false,
            "url": "gs://affable-context-292903-input",
            "versioning": [],
            "website": []
          },
          "sensitive_attributes": [],
          "private": "eyJlMmJmYjczMC1lY2FhLTExZTYtOGY4OC0zNDM2M2JjN2M0YzAiOnsiY3JlYXRlIjoyNDAwMDAwMDAwMDAsInJlYWQiOjI0MDAwMDAwMDAwMCwidXBkYXRlIjoyNDAwMDAwMDAwMDB9fQ=="
        }
      ]
    },
    {
      "mode": "managed",
      "type": "google_storage_bucket_object",
      "name": "payment_service_zip",
      "provider": "provider[\"registry.terraform.io/hashicorp/google\"]",
      "instances": [
        {
          "schema_version": 0,
          "attributes": {
            "bucket": "affable-context-292903-function",
            "cache_control": "",
            "content": null,
            "content_disposition": "",
            "content_encoding": "",
            "content_language": "",
            "content_type": "application/zip",
            "crc32c": "XqbXGA==",
            "customer_encryption": [],
            "detect_md5hash": "e+aNE7dv+hw/IER7SRCKKQ==",
            "event_based_hold": false,
            "id": "affable-context-292903-function-src-7be68d13b76ffa1c3f20447b49108a29.zip",
            "kms_key_name": "",
            "md5hash": "e+aNE7dv+hw/IER7SRCKKQ==",
            "media_link": "https://storage.googleapis.com/download/storage/v1/b/affable-context-292903-function/o/src-7be68d13b76ffa1c3f20447b49108a29.zip?generation=1655842892679322\u0026alt=media",
            "metadata": {},
            "name": "src-7be68d13b76ffa1c3f20447b49108a29.zip",
            "output_name": "src-7be68d13b76ffa1c3f20447b49108a29.zip",
            "self_link": "https://www.googleapis.com/storage/v1/b/affable-context-292903-function/o/src-7be68d13b76ffa1c3f20447b49108a29.zip",
            "source": "/tmp/payment_service_function.zip",
            "storage_class": "STANDARD",
            "temporary_hold": false,
            "timeouts": null
          },
          "sensitive_attributes": [],
          "private": "eyJlMmJmYjczMC1lY2FhLTExZTYtOGY4OC0zNDM2M2JjN2M0YzAiOnsiY3JlYXRlIjoyNDAwMDAwMDAwMDAsImRlbGV0ZSI6MjQwMDAwMDAwMDAwLCJ1cGRhdGUiOjI0MDAwMDAwMDAwMH19",
          "dependencies": [
            "data.archive_file.payment_service_source",
            "google_storage_bucket.function_bucket"
          ]
        }
      ]
    },
    {
      "mode": "managed",
      "type": "google_storage_bucket_object",
      "name": "zip",
      "provider": "provider[\"registry.terraform.io/hashicorp/google\"]",
      "instances": [
        {
          "schema_version": 0,
          "attributes": {
            "bucket": "affable-context-292903-function",
            "cache_control": "",
            "content": null,
            "content_disposition": "",
            "content_encoding": "",
            "content_language": "",
            "content_type": "application/zip",
            "crc32c": "Sxb2kw==",
            "customer_encryption": [],
            "detect_md5hash": "ZvSvV/T7h6rNMjWLhAEN4Q==",
            "event_based_hold": false,
            "id": "affable-context-292903-function-src-66f4af57f4fb87aacd32358b84010de1.zip",
            "kms_key_name": "",
            "md5hash": "ZvSvV/T7h6rNMjWLhAEN4Q==",
            "media_link": "https://storage.googleapis.com/download/storage/v1/b/affable-context-292903-function/o/src-66f4af57f4fb87aacd32358b84010de1.zip?generation=1655833691293428\u0026alt=media",
            "metadata": {},
            "name": "src-66f4af57f4fb87aacd32358b84010de1.zip",
            "output_name": "src-66f4af57f4fb87aacd32358b84010de1.zip",
            "self_link": "https://www.googleapis.com/storage/v1/b/affable-context-292903-function/o/src-66f4af57f4fb87aacd32358b84010de1.zip",
            "source": "/tmp/starting_point_function.zip",
            "storage_class": "STANDARD",
            "temporary_hold": false,
            "timeouts": null
          },
          "sensitive_attributes": [],
          "private": "eyJlMmJmYjczMC1lY2FhLTExZTYtOGY4OC0zNDM2M2JjN2M0YzAiOnsiY3JlYXRlIjoyNDAwMDAwMDAwMDAsImRlbGV0ZSI6MjQwMDAwMDAwMDAwLCJ1cGRhdGUiOjI0MDAwMDAwMDAwMH19",
          "dependencies": [
            "data.archive_file.starting_point_source",
            "google_storage_bucket.function_bucket"
          ]
        }
      ]
    },
    {
      "mode": "managed",
      "type": "google_workflows_workflow",
      "name": "workflow",
      "provider": "provider[\"registry.terraform.io/hashicorp/google\"]",
      "instances": [
        {
          "schema_version": 1,
          "attributes": {
            "create_time": "2022-06-21T20:21:32.777603329Z",
            "description": "A sample retail workflow",
            "id": "projects/affable-context-292903/locations/us-central1/workflows/first-workflow",
            "labels": {},
            "name": "first-workflow",
            "name_prefix": null,
            "project": "affable-context-292903",
            "region": "us-central1",
            "revision_id": "000005-a0d",
            "service_account": "projects/affable-context-292903/serviceAccounts/sample-workflows-sa@affable-context-292903.iam.gserviceaccount.com",
            "source_contents": "main:\n  params: [args]\n  steps:\n    - create_var:\n        assign:\n        - omg: ${args}\n        - project: \"affable-context-292903\"\n        - topic: \"example-topic\"\n        - myMap:\n            FirstName: \"John\"\n            LastName: \"Smith\"\n            Address:\n              Street: \"Flower Road 12\"\n              City: \"Superville\"\n              Country: \"Atlantis\"\n    - print_args:\n        call: sys.log\n        args:\n            severity: \"INFO\"\n            text: ${args.name}\n    - print_callback_details_json_to_string:\n        call: sys.log\n        args:\n            severity: \"INFO\"\n            text: ${json.encode_to_string(args)}\n    - check_payment:\n        call: http.post\n        args:\n          url: https://payment-service-htyoftei4q-uc.a.run.app\n          body:\n            input: \"OMG\"\n          auth:\n            type: OIDC\n            audience: https://payment-service-htyoftei4q-uc.a.run.app/ChargeCard\n        result: payment_ok\n    - create_callback:\n        call: events.create_callback_endpoint\n        args:\n            http_callback_method: \"PUT\"\n        result: callback_details\n    # TODO: SWITCH THIS TO A PUB/SUB PUSH to email ( and/or route somewhere worthwhile ... database, etc )\n    - print_callback_details:\n        call: sys.log\n        args:\n            severity: \"INFO\"\n            text: ${\"Listening for callbacks on \" + callback_details.url}\n    - another_var:\n        assign:\n        - newMap: \n            order_details: ${args}\n            callback_url: ${callback_details.url}\n    - await_callback:\n        call: events.await_callback\n        args:\n            callback: ${callback_details}\n            timeout: 3600\n        result: callback_request\n    - print_callback_request:\n        call: sys.log\n        args:\n            severity: \"INFO\"\n            text: ${\"Received \" + json.encode_to_string(callback_request.http_request)}\n    - setup_b64_message:\n        assign:\n        - base64Msg: ${base64.encode(json.encode(newMap))}\n    - publish_message_to_topic:\n        call: googleapis.pubsub.v1.projects.topics.publish\n        args:\n          topic: ${\"projects/\" + project + \"/topics/\" + topic}\n          body:\n            messages:\n              - data: ${base64Msg}\n    - return_callback_result:\n        return: ${callback_request.http_request}",
            "state": "ACTIVE",
            "timeouts": null,
            "update_time": "2022-06-22T04:12:08.706056872Z"
          },
          "sensitive_attributes": [],
          "private": "eyJlMmJmYjczMC1lY2FhLTExZTYtOGY4OC0zNDM2M2JjN2M0YzAiOnsiY3JlYXRlIjoxMjAwMDAwMDAwMDAwLCJkZWxldGUiOjEyMDAwMDAwMDAwMDAsInVwZGF0ZSI6MTIwMDAwMDAwMDAwMH0sInNjaGVtYV92ZXJzaW9uIjoiMSJ9",
          "dependencies": [
            "google_cloudfunctions2_function.payment_service",
            "google_project_service.workflows",
            "google_service_account.workflows_service_account"
          ]
        }
      ]
    }
  ]
}
